
Microsoft Visual Studio Solution File, Format Version 11.00
# Visual Studio 2010
Project("{FAE04EC0-301F-11D3-BF4B-00C04F79EFBC}") = "Web Crawler", "Web Crawler\Web Crawler.csproj", "{5DBD7ED5-B718-4BD3-B460-0B4FE83513C7}"
EndProject
Project("{FAE04EC0-301F-11D3-BF4B-00C04F79EFBC}") = "CrawlingEngine", "CrawlingEngine\CrawlingEngine.csproj", "{1210E0A2-A965-45EC-AC58-BBC7E6F0328E}"
EndProject
Project("{FAE04EC0-301F-11D3-BF4B-00C04F79EFBC}") = "PageAnalyzer", "PageAnalyzer\PageAnalyzer.csproj", "{35A5D4CD-ADC6-42A8-B781-C6DBDF83AAA1}"
EndProject
Global
	GlobalSection(SolutionConfigurationPlatforms) = preSolution
		Debug|Any CPU = Debug|Any CPU
		Debug|Mixed Platforms = Debug|Mixed Platforms
		Debug|x86 = Debug|x86
		Release|Any CPU = Release|Any CPU
		Release|Mixed Platforms = Release|Mixed Platforms
		Release|x86 = Release|x86
	EndGlobalSection
	GlobalSection(ProjectConfigurationPlatforms) = postSolution
		{5DBD7ED5-B718-4BD3-B460-0B4FE83513C7}.Debug|Any CPU.ActiveCfg = Debug|x86
		{5DBD7ED5-B718-4BD3-B460-0B4FE83513C7}.Debug|Mixed Platforms.ActiveCfg = Debug|x86
		{5DBD7ED5-B718-4BD3-B460-0B4FE83513C7}.Debug|Mixed Platforms.Build.0 = Debug|x86
		{5DBD7ED5-B718-4BD3-B460-0B4FE83513C7}.Debug|x86.ActiveCfg = Debug|x86
		{5DBD7ED5-B718-4BD3-B460-0B4FE83513C7}.Debug|x86.Build.0 = Debug|x86
		{5DBD7ED5-B718-4BD3-B460-0B4FE83513C7}.Release|Any CPU.ActiveCfg = Release|x86
		{5DBD7ED5-B718-4BD3-B460-0B4FE83513C7}.Release|Mixed Platforms.ActiveCfg = Release|x86
		{5DBD7ED5-B718-4BD3-B460-0B4FE83513C7}.Release|Mixed Platforms.Build.0 = Release|x86
		{5DBD7ED5-B718-4BD3-B460-0B4FE83513C7}.Release|x86.ActiveCfg = Release|x86
		{5DBD7ED5-B718-4BD3-B460-0B4FE83513C7}.Release|x86.Build.0 = Release|x86
		{1210E0A2-A965-45EC-AC58-BBC7E6F0328E}.Debug|Any CPU.ActiveCfg = Debug|Any CPU
		{1210E0A2-A965-45EC-AC58-BBC7E6F0328E}.Debug|Any CPU.Build.0 = Debug|Any CPU
		{1210E0A2-A965-45EC-AC58-BBC7E6F0328E}.Debug|Mixed Platforms.ActiveCfg = Debug|Any CPU
		{1210E0A2-A965-45EC-AC58-BBC7E6F0328E}.Debug|Mixed Platforms.Build.0 = Debug|Any CPU
		{1210E0A2-A965-45EC-AC58-BBC7E6F0328E}.Debug|x86.ActiveCfg = Debug|Any CPU
		{1210E0A2-A965-45EC-AC58-BBC7E6F0328E}.Release|Any CPU.ActiveCfg = Release|Any CPU
		{1210E0A2-A965-45EC-AC58-BBC7E6F0328E}.Release|Any CPU.Build.0 = Release|Any CPU
		{1210E0A2-A965-45EC-AC58-BBC7E6F0328E}.Release|Mixed Platforms.ActiveCfg = Release|Any CPU
		{1210E0A2-A965-45EC-AC58-BBC7E6F0328E}.Release|Mixed Platforms.Build.0 = Release|Any CPU
		{1210E0A2-A965-45EC-AC58-BBC7E6F0328E}.Release|x86.ActiveCfg = Release|Any CPU
		{35A5D4CD-ADC6-42A8-B781-C6DBDF83AAA1}.Debug|Any CPU.ActiveCfg = Debug|Any CPU
		{35A5D4CD-ADC6-42A8-B781-C6DBDF83AAA1}.Debug|Any CPU.Build.0 = Debug|Any CPU
		{35A5D4CD-ADC6-42A8-B781-C6DBDF83AAA1}.Debug|Mixed Platforms.ActiveCfg = Debug|Any CPU
		{35A5D4CD-ADC6-42A8-B781-C6DBDF83AAA1}.Debug|Mixed Platforms.Build.0 = Debug|Any CPU
		{35A5D4CD-ADC6-42A8-B781-C6DBDF83AAA1}.Debug|x86.ActiveCfg = Debug|Any CPU
		{35A5D4CD-ADC6-42A8-B781-C6DBDF83AAA1}.Release|Any CPU.ActiveCfg = Release|Any CPU
		{35A5D4CD-ADC6-42A8-B781-C6DBDF83AAA1}.Release|Any CPU.Build.0 = Release|Any CPU
		{35A5D4CD-ADC6-42A8-B781-C6DBDF83AAA1}.Release|Mixed Platforms.ActiveCfg = Release|Any CPU
		{35A5D4CD-ADC6-42A8-B781-C6DBDF83AAA1}.Release|Mixed Platforms.Build.0 = Release|Any CPU
		{35A5D4CD-ADC6-42A8-B781-C6DBDF83AAA1}.Release|x86.ActiveCfg = Release|Any CPU
	EndGlobalSection
	GlobalSection(SolutionProperties) = preSolution
		HideSolutionNode = FALSE
	EndGlobalSection
EndGlobal
